{
    "name": "renca",
    "version": "0.20.4",
    "lockfileVersion": 1,
    "requires": true,
    "dependencies": {
        "electron-log": {
            "version": "2.2.12",
            "resolved": "https://registry.npmjs.org/electron-log/-/electron-log-2.2.12.tgz",
            "integrity": "sha512-cMuuBfe+0ic6vEgjcOnydzLDpdiBjUNONMpekQ6aX+0aAf3d+yBXxgq5u+dnKf6W2zaN7u6AjKHMx/tJ7/l4hg=="
        }
    }
}
